{
  "name": "ihakccinput",
  "version": "1.0.0",
  "lockfileVersion": 1,
  "requires": true,
  "dependencies": {
    "card-validator": {
      "version": "6.1.0",
      "resolved": "https://registry.npmjs.org/card-validator/-/card-validator-6.1.0.tgz",
      "integrity": "sha512-YAeCZvHFXj7zxYSjfQEOmL5c19+Bfpdi1hl9BIeAE7a56V3jPO9CbIVwSPPL4yoVPVjfE4Osp44c05UeELhu4A==",
      "requires": {
        "credit-card-type": "^8.0.0"
      }
    },
    "credit-card-type": {
      "version": "8.1.0",
      "resolved": "https://registry.npmjs.org/credit-card-type/-/credit-card-type-8.1.0.tgz",
      "integrity": "sha512-Z2dBLgH04EYiGkOM7phfLFqRPJK42LRTdivOYIZRVQLBZiGswWhw3dbtFhszZQrlGF8vXtAEfm+seAWn4bETLQ=="
    }
  }
}
